
Microsoft Visual Studio Solution File, Format Version 12.00
# Visual Studio Version 16
VisualStudioVersion = 16.0.31205.134
MinimumVisualStudioVersion = 10.0.40219.1
Project("{9A19103F-16F7-4668-BE54-9A1E7A4F7556}") = "BlogProject.Web", "BlogProject.Web\BlogProject.Web.csproj", "{6BB4C85D-2E4C-4DB2-93FF-DDA574802B1C}"
EndProject
Project("{9A19103F-16F7-4668-BE54-9A1E7A4F7556}") = "BlogProject.Models", "BlogProject.Models\BlogProject.Models.csproj", "{A43360D6-DD24-45BE-B8B9-6E81F94F16DE}"
EndProject
Project("{9A19103F-16F7-4668-BE54-9A1E7A4F7556}") = "BlogProject.Repository", "BlogProject.Repository\BlogProject.Repository.csproj", "{4EB3E0B5-2BB7-4A5C-BB8F-4A553B78822D}"
EndProject
Project("{9A19103F-16F7-4668-BE54-9A1E7A4F7556}") = "BlogProject.Identity", "BlogProject.Identity\BlogProject.Identity.csproj", "{9F31A09F-0D94-4EA7-89E8-3615E0900A7E}"
EndProject
Project("{9A19103F-16F7-4668-BE54-9A1E7A4F7556}") = "BlogProject.Services", "BlogProject.Services\BlogProject.Services.csproj", "{63041050-C9FE-4A39-BF72-FCF9A8499FD8}"
EndProject
Global
	GlobalSection(SolutionConfigurationPlatforms) = preSolution
		Debug|Any CPU = Debug|Any CPU
		Release|Any CPU = Release|Any CPU
	EndGlobalSection
	GlobalSection(ProjectConfigurationPlatforms) = postSolution
		{6BB4C85D-2E4C-4DB2-93FF-DDA574802B1C}.Debug|Any CPU.ActiveCfg = Debug|Any CPU
		{6BB4C85D-2E4C-4DB2-93FF-DDA574802B1C}.Debug|Any CPU.Build.0 = Debug|Any CPU
		{6BB4C85D-2E4C-4DB2-93FF-DDA574802B1C}.Release|Any CPU.ActiveCfg = Release|Any CPU
		{6BB4C85D-2E4C-4DB2-93FF-DDA574802B1C}.Release|Any CPU.Build.0 = Release|Any CPU
		{A43360D6-DD24-45BE-B8B9-6E81F94F16DE}.Debug|Any CPU.ActiveCfg = Debug|Any CPU
		{A43360D6-DD24-45BE-B8B9-6E81F94F16DE}.Debug|Any CPU.Build.0 = Debug|Any CPU
		{A43360D6-DD24-45BE-B8B9-6E81F94F16DE}.Release|Any CPU.ActiveCfg = Release|Any CPU
		{A43360D6-DD24-45BE-B8B9-6E81F94F16DE}.Release|Any CPU.Build.0 = Release|Any CPU
		{4EB3E0B5-2BB7-4A5C-BB8F-4A553B78822D}.Debug|Any CPU.ActiveCfg = Debug|Any CPU
		{4EB3E0B5-2BB7-4A5C-BB8F-4A553B78822D}.Debug|Any CPU.Build.0 = Debug|Any CPU
		{4EB3E0B5-2BB7-4A5C-BB8F-4A553B78822D}.Release|Any CPU.ActiveCfg = Release|Any CPU
		{4EB3E0B5-2BB7-4A5C-BB8F-4A553B78822D}.Release|Any CPU.Build.0 = Release|Any CPU
		{9F31A09F-0D94-4EA7-89E8-3615E0900A7E}.Debug|Any CPU.ActiveCfg = Debug|Any CPU
		{9F31A09F-0D94-4EA7-89E8-3615E0900A7E}.Debug|Any CPU.Build.0 = Debug|Any CPU
		{9F31A09F-0D94-4EA7-89E8-3615E0900A7E}.Release|Any CPU.ActiveCfg = Release|Any CPU
		{9F31A09F-0D94-4EA7-89E8-3615E0900A7E}.Release|Any CPU.Build.0 = Release|Any CPU
		{63041050-C9FE-4A39-BF72-FCF9A8499FD8}.Debug|Any CPU.ActiveCfg = Debug|Any CPU
		{63041050-C9FE-4A39-BF72-FCF9A8499FD8}.Debug|Any CPU.Build.0 = Debug|Any CPU
		{63041050-C9FE-4A39-BF72-FCF9A8499FD8}.Release|Any CPU.ActiveCfg = Release|Any CPU
		{63041050-C9FE-4A39-BF72-FCF9A8499FD8}.Release|Any CPU.Build.0 = Release|Any CPU
	EndGlobalSection
	GlobalSection(SolutionProperties) = preSolution
		HideSolutionNode = FALSE
	EndGlobalSection
	GlobalSection(ExtensibilityGlobals) = postSolution
		SolutionGuid = {DDC0C821-1DD7-4B1C-9B7C-2BA3FAB1E27D}
	EndGlobalSection
EndGlobal
